// !$*UTF8*$!
{
	archiveVersion = 1;
	classes = {
	};
	objectVersion = 50;
	objects = {

/* Begin PBXBuildFile section */
		52AC8641227FC0C000B2F0C3 /* AppDelegate.swift in Sources */ = {isa = PBXBuildFile; fileRef = 52AC8640227FC0C000B2F0C3 /* AppDelegate.swift */; };
		52AC8643227FC0C000B2F0C3 /* ViewController.swift in Sources */ = {isa = PBXBuildFile; fileRef = 52AC8642227FC0C000B2F0C3 /* ViewController.swift */; };
		52AC8646227FC0C000B2F0C3 /* Main.storyboard in Resources */ = {isa = PBXBuildFile; fileRef = 52AC8644227FC0C000B2F0C3 /* Main.storyboard */; };
		52AC8648227FC0C300B2F0C3 /* Assets.xcassets in Resources */ = {isa = PBXBuildFile; fileRef = 52AC8647227FC0C300B2F0C3 /* Assets.xcassets */; };
		52AC864B227FC0C300B2F0C3 /* LaunchScreen.storyboard in Resources */ = {isa = PBXBuildFile; fileRef = 52AC8649227FC0C300B2F0C3 /* LaunchScreen.storyboard */; };
		52AC8656227FC0C400B2F0C3 /* TestabilityTests.swift in Sources */ = {isa = PBXBuildFile; fileRef = 52AC8655227FC0C400B2F0C3 /* TestabilityTests.swift */; };
/* End PBXBuildFile section */

/* Begin PBXContainerItemProxy section */
		52AC8652227FC0C400B2F0C3 /* PBXContainerItemProxy */ = {
			isa = PBXContainerItemProxy;
			containerPortal = 52AC8635227FC0C000B2F0C3 /* Project object */;
			proxyType = 1;
			remoteGlobalIDString = 52AC863C227FC0C000B2F0C3;
			remoteInfo = Testability;
		};
/* End PBXContainerItemProxy section */

/* Begin PBXFileReference section */
		52AC863D227FC0C000B2F0C3 /* Testability.app */ = {isa = PBXFileReference; explicitFileType = wrapper.application; includeInIndex = 0; path = Testability.app; sourceTree = BUILT_PRODUCTS_DIR; };
		52AC8640227FC0C000B2F0C3 /* AppDelegate.swift */ = {isa = PBXFileReference; lastKnownFileType = sourcecode.swift; path = AppDelegate.swift; sourceTree = "<group>"; };
		52AC8642227FC0C000B2F0C3 /* ViewController.swift */ = {isa = PBXFileReference; lastKnownFileType = sourcecode.swift; path = ViewController.swift; sourceTree = "<group>"; };
		52AC8645227FC0C000B2F0C3 /* Base */ = {isa = PBXFileReference; lastKnownFileType = file.storyboard; name = Base; path = Base.lproj/Main.storyboard; sourceTree = "<group>"; };
		52AC8647227FC0C300B2F0C3 /* Assets.xcassets */ = {isa = PBXFileReference; lastKnownFileType = folder.assetcatalog; path = Assets.xcassets; sourceTree = "<group>"; };
		52AC864A227FC0C300B2F0C3 /* Base */ = {isa = PBXFileReference; lastKnownFileType = file.storyboard; name = Base; path = Base.lproj/LaunchScreen.storyboard; sourceTree = "<group>"; };
		52AC864C227FC0C300B2F0C3 /* Info.plist */ = {isa = PBXFileReference; lastKnownFileType = text.plist.xml; path = Info.plist; sourceTree = "<group>"; };
		52AC8651227FC0C400B2F0C3 /* TestabilityTests.xctest */ = {isa = PBXFileReference; explicitFileType = wrapper.cfbundle; includeInIndex = 0; path = TestabilityTests.xctest; sourceTree = BUILT_PRODUCTS_DIR; };
		52AC8655227FC0C400B2F0C3 /* TestabilityTests.swift */ = {isa = PBXFileReference; lastKnownFileType = sourcecode.swift; path = TestabilityTests.swift; sourceTree = "<group>"; };
		52AC8657227FC0C400B2F0C3 /* Info.plist */ = {isa = PBXFileReference; lastKnownFileType = text.plist.xml; path = Info.plist; sourceTree = "<group>"; };
/* End PBXFileReference section */

/* Begin PBXFrameworksBuildPhase section */
		52AC863A227FC0C000B2F0C3 /* Frameworks */ = {
			isa = PBXFrameworksBuildPhase;
			buildActionMask = 2147483647;
			files = (
			);
			runOnlyForDeploymentPostprocessing = 0;
		};
		52AC864E227FC0C400B2F0C3 /* Frameworks */ = {
			isa = PBXFrameworksBuildPhase;
			buildActionMask = 2147483647;
			files = (
			);
			runOnlyForDeploymentPostprocessing = 0;
		};
/* End PBXFrameworksBuildPhase section */

/* Begin PBXGroup section */
		52AC8634227FC0C000B2F0C3 = {
			isa = PBXGroup;
			children = (
				52AC863F227FC0C000B2F0C3 /* Testability */,
				52AC8654227FC0C400B2F0C3 /* TestabilityTests */,
				52AC863E227FC0C000B2F0C3 /* Products */,
			);
			sourceTree = "<group>";
		};
		52AC863E227FC0C000B2F0C3 /* Products */ = {
			isa = PBXGroup;
			children = (
				52AC863D227FC0C000B2F0C3 /* Testability.app */,
				52AC8651227FC0C400B2F0C3 /* TestabilityTests.xctest */,
			);
			name = Products;
			sourceTree = "<group>";
		};
		52AC863F227FC0C000B2F0C3 /* Testability */ = {
			isa = PBXGroup;
			children = (
				52AC8640227FC0C000B2F0C3 /* AppDelegate.swift */,
				52AC8642227FC0C000B2F0C3 /* ViewController.swift */,
				52AC8644227FC0C000B2F0C3 /* Main.storyboard */,
				52AC8647227FC0C300B2F0C3 /* Assets.xcassets */,
				52AC8649227FC0C300B2F0C3 /* LaunchScreen.storyboard */,
				52AC864C227FC0C300B2F0C3 /* Info.plist */,
			);
			path = Testability;
			sourceTree = "<group>";
		};
		52AC8654227FC0C400B2F0C3 /* TestabilityTests */ = {
			isa = PBXGroup;
			children = (
				52AC8655227FC0C400B2F0C3 /* TestabilityTests.swift */,
				52AC8657227FC0C400B2F0C3 /* Info.plist */,
			);
			path = TestabilityTests;
			sourceTree = "<group>";
		};
/* End PBXGroup section */

/* Begin PBXNativeTarget section */
		52AC863C227FC0C000B2F0C3 /* Testability */ = {
			isa = PBXNativeTarget;
			buildConfigurationList = 52AC865A227FC0C400B2F0C3 /* Build configuration list for PBXNativeTarget "Testability" */;
			buildPhases = (
				52AC8639227FC0C000B2F0C3 /* Sources */,
				52AC863A227FC0C000B2F0C3 /* Frameworks */,
				52AC863B227FC0C000B2F0C3 /* Resources */,
			);
			buildRules = (
			);
			dependencies = (
			);
			name = Testability;
			productName = Testability;
			productReference = 52AC863D227FC0C000B2F0C3 /* Testability.app */;
			productType = "com.apple.product-type.application";
		};
		52AC8650227FC0C400B2F0C3 /* TestabilityTests */ = {
			isa = PBXNativeTarget;
			buildConfigurationList = 52AC865D227FC0C400B2F0C3 /* Build configuration list for PBXNativeTarget "TestabilityTests" */;
			buildPhases = (
				52AC864D227FC0C400B2F0C3 /* Sources */,
				52AC864E227FC0C400B2F0C3 /* Frameworks */,
				52AC864F227FC0C400B2F0C3 /* Resources */,
			);
			buildRules = (
			);
			dependencies = (
				52AC8653227FC0C400B2F0C3 /* PBXTargetDependency */,
			);
			name = TestabilityTests;
			productName = TestabilityTests;
			productReference = 52AC8651227FC0C400B2F0C3 /* TestabilityTests.xctest */;
			productType = "com.apple.product-type.bundle.unit-test";
		};
/* End PBXNativeTarget section */

/* Begin PBXProject section */
		52AC8635227FC0C000B2F0C3 /* Project object */ = {
			isa = PBXProject;
			attributes = {
				LastSwiftUpdateCheck = 1010;
				LastUpgradeCheck = 1010;
				ORGANIZATIONNAME = Satya;
				TargetAttributes = {
					52AC863C227FC0C000B2F0C3 = {
						CreatedOnToolsVersion = 10.1;
					};
					52AC8650227FC0C400B2F0C3 = {
						CreatedOnToolsVersion = 10.1;
						TestTargetID = 52AC863C227FC0C000B2F0C3;
					};
				};
			};
			buildConfigurationList = 52AC8638227FC0C000B2F0C3 /* Build configuration list for PBXProject "Testability" */;
			compatibilityVersion = "Xcode 9.3";
			developmentRegion = en;
			hasScannedForEncodings = 0;
			knownRegions = (
				en,
				Base,
			);
			mainGroup = 52AC8634227FC0C000B2F0C3;
			productRefGroup = 52AC863E227FC0C000B2F0C3 /* Products */;
			projectDirPath = "";
			projectRoot = "";
			targets = (
				52AC863C227FC0C000B2F0C3 /* Testability */,
				52AC8650227FC0C400B2F0C3 /* TestabilityTests */,
			);
		};
/* End PBXProject section */

/* Begin PBXResourcesBuildPhase section */
		52AC863B227FC0C000B2F0C3 /* Resources */ = {
			isa = PBXResourcesBuildPhase;
			buildActionMask = 2147483647;
			files = (
				52AC864B227FC0C300B2F0C3 /* LaunchScreen.storyboard in Resources */,
				52AC8648227FC0C300B2F0C3 /* Assets.xcassets in Resources */,
				52AC8646227FC0C000B2F0C3 /* Main.storyboard in Resources */,
			);
			runOnlyForDeploymentPostprocessing = 0;
		};
		52AC864F227FC0C400B2F0C3 /* Resources */ = {
			isa = PBXResourcesBuildPhase;
			buildActionMask = 2147483647;
			files = (
			);
			runOnlyForDeploymentPostprocessing = 0;
		};
/* End PBXResourcesBuildPhase section */

/* Begin PBXSourcesBuildPhase section */
		52AC8639227FC0C000B2F0C3 /* Sources */ = {
			isa = PBXSourcesBuildPhase;
			buildActionMask = 2147483647;
			files = (
				52AC8643227FC0C000B2F0C3 /* ViewController.swift in Sources */,
				52AC8641227FC0C000B2F0C3 /* AppDelegate.swift in Sources */,
			);
			runOnlyForDeploymentPostprocessing = 0;
		};
		52AC864D227FC0C400B2F0C3 /* Sources */ = {
			isa = PBXSourcesBuildPhase;
			buildActionMask = 2147483647;
			files = (
				52AC8656227FC0C400B2F0C3 /* TestabilityTests.swift in Sources */,
			);
			runOnlyForDeploymentPostprocessing = 0;
		};
/* End PBXSourcesBuildPhase section */

/* Begin PBXTargetDependency section */
		52AC8653227FC0C400B2F0C3 /* PBXTargetDependency */ = {
			isa = PBXTargetDependency;
			target = 52AC863C227FC0C000B2F0C3 /* Testability */;
			targetProxy = 52AC8652227FC0C400B2F0C3 /* PBXContainerItemProxy */;
		};
/* End PBXTargetDependency section */

/* Begin PBXVariantGroup section */
		52AC8644227FC0C000B2F0C3 /* Main.storyboard */ = {
			isa = PBXVariantGroup;
			children = (
				52AC8645227FC0C000B2F0C3 /* Base */,
			);
			name = Main.storyboard;
			sourceTree = "<group>";
		};
		52AC8649227FC0C300B2F0C3 /* LaunchScreen.storyboard */ = {
			isa = PBXVariantGroup;
			children = (
				52AC864A227FC0C300B2F0C3 /* Base */,
			);
			name = LaunchScreen.storyboard;
			sourceTree = "<group>";
		};
/* End PBXVariantGroup section */

/* Begin XCBuildConfiguration section */
		52AC8658227FC0C400B2F0C3 /* Debug */ = {
			isa = XCBuildConfiguration;
			buildSettings = {
				ALWAYS_SEARCH_USER_PATHS = NO;
				CLANG_ANALYZER_NONNULL = YES;
				CLANG_ANALYZER_NUMBER_OBJECT_CONVERSION = YES_AGGRESSIVE;
				CLANG_CXX_LANGUAGE_STANDARD = "gnu++14";
				CLANG_CXX_LIBRARY = "libc++";
				CLANG_ENABLE_MODULES = YES;
				CLANG_ENABLE_OBJC_ARC = YES;
				CLANG_ENABLE_OBJC_WEAK = YES;
				CLANG_WARN_BLOCK_CAPTURE_AUTORELEASING = YES;
				CLANG_WARN_BOOL_CONVERSION = YES;
				CLANG_WARN_COMMA = YES;
				CLANG_WARN_CONSTANT_CONVERSION = YES;
				CLANG_WARN_DEPRECATED_OBJC_IMPLEMENTATIONS = YES;
				CLANG_WARN_DIRECT_OBJC_ISA_USAGE = YES_ERROR;
				CLANG_WARN_DOCUMENTATION_COMMENTS = YES;
				CLANG_WARN_EMPTY_BODY = YES;
				CLANG_WARN_ENUM_CONVERSION = YES;
				CLANG_WARN_INFINITE_RECURSION = YES;
				CLANG_WARN_INT_CONVERSION = YES;
				CLANG_WARN_NON_LITERAL_NULL_CONVERSION = YES;
				CLANG_WARN_OBJC_IMPLICIT_RETAIN_SELF = YES;
				CLANG_WARN_OBJC_LITERAL_CONVERSION = YES;
				CLANG_WARN_OBJC_ROOT_CLASS = YES_ERROR;
				CLANG_WARN_RANGE_LOOP_ANALYSIS = YES;
				CLANG_WARN_STRICT_PROTOTYPES = YES;
				CLANG_WARN_SUSPICIOUS_MOVE = YES;
				CLANG_WARN_UNGUARDED_AVAILABILITY = YES_AGGRESSIVE;
				CLANG_WARN_UNREACHABLE_CODE = YES;
				CLANG_WARN__DUPLICATE_METHOD_MATCH = YES;
				CODE_SIGN_IDENTITY = "iPhone Developer";
				COPY_PHASE_STRIP = NO;
				DEBUG_INFORMATION_FORMAT = dwarf;
				ENABLE_STRICT_OBJC_MSGSEND = YES;
				ENABLE_TESTABILITY = YES;
				GCC_C_LANGUAGE_STANDARD = gnu11;
				GCC_DYNAMIC_NO_PIC = NO;
				GCC_NO_COMMON_BLOCKS = YES;
				GCC_OPTIMIZATION_LEVEL = 0;
				GCC_PREPROCESSOR_DEFINITIONS = (
					"DEBUG=1",
					"$(inherited)",
				);
				GCC_WARN_64_TO_32_BIT_CONVERSION = YES;
				GCC_WARN_ABOUT_RETURN_TYPE = YES_ERROR;
				GCC_WARN_UNDECLARED_SELECTOR = YES;
				GCC_WARN_UNINITIALIZED_AUTOS = YES_AGGRESSIVE;
				GCC_WARN_UNUSED_FUNCTION = YES;
				GCC_WARN_UNUSED_VARIABLE = YES;
				IPHONEOS_DEPLOYMENT_TARGET = 12.1;
				MTL_ENABLE_DEBUG_INFO = INCLUDE_SOURCE;
				MTL_FAST_MATH = YES;
				ONLY_ACTIVE_ARCH = YES;
				SDKROOT = iphoneos;
				SWIFT_ACTIVE_COMPILATION_CONDITIONS = DEBUG;
				SWIFT_OPTIMIZATION_LEVEL = "-Onone";
			};
			name = Debug;
		};
		52AC8659227FC0C400B2F0C3 /* Release */ = {
			isa = XCBuildConfiguration;
			buildSettings = {
				ALWAYS_SEARCH_USER_PATHS = NO;
				CLANG_ANALYZER_NONNULL = YES;
				CLANG_ANALYZER_NUMBER_OBJECT_CONVERSION = YES_AGGRESSIVE;
				CLANG_CXX_LANGUAGE_STANDARD = "gnu++14";
				CLANG_CXX_LIBRARY = "libc++";
				CLANG_ENABLE_MODULES = YES;
				CLANG_ENABLE_OBJC_ARC = YES;
				CLANG_ENABLE_OBJC_WEAK = YES;
				CLANG_WARN_BLOCK_CAPTURE_AUTORELEASING = YES;
				CLANG_WARN_BOOL_CONVERSION = YES;
				CLANG_WARN_COMMA = YES;
				CLANG_WARN_CONSTANT_CONVERSION = YES;
				CLANG_WARN_DEPRECATED_OBJC_IMPLEMENTATIONS = YES;
				CLANG_WARN_DIRECT_OBJC_ISA_USAGE = YES_ERROR;
				CLANG_WARN_DOCUMENTATION_COMMENTS = YES;
				CLANG_WARN_EMPTY_BODY = YES;
				CLANG_WARN_ENUM_CONVERSION = YES;
				CLANG_WARN_INFINITE_RECURSION = YES;
				CLANG_WARN_INT_CONVERSION = YES;
				CLANG_WARN_NON_LITERAL_NULL_CONVERSION = YES;
				CLANG_WARN_OBJC_IMPLICIT_RETAIN_SELF = YES;
				CLANG_WARN_OBJC_LITERAL_CONVERSION = YES;
				CLANG_WARN_OBJC_ROOT_CLASS = YES_ERROR;
				CLANG_WARN_RANGE_LOOP_ANALYSIS = YES;
				CLANG_WARN_STRICT_PROTOTYPES = YES;
				CLANG_WARN_SUSPICIOUS_MOVE = YES;
				CLANG_WARN_UNGUARDED_AVAILABILITY = YES_AGGRESSIVE;
				CLANG_WARN_UNREACHABLE_CODE = YES;
				CLANG_WARN__DUPLICATE_METHOD_MATCH = YES;
				CODE_SIGN_IDENTITY = "iPhone Developer";
				COPY_PHASE_STRIP = NO;
				DEBUG_INFORMATION_FORMAT = "dwarf-with-dsym";
				ENABLE_NS_ASSERTIONS = NO;
				ENABLE_STRICT_OBJC_MSGSEND = YES;
				GCC_C_LANGUAGE_STANDARD = gnu11;
				GCC_NO_COMMON_BLOCKS = YES;
				GCC_WARN_64_TO_32_BIT_CONVERSION = YES;
				GCC_WARN_ABOUT_RETURN_TYPE = YES_ERROR;
				GCC_WARN_UNDECLARED_SELECTOR = YES;
				GCC_WARN_UNINITIALIZED_AUTOS = YES_AGGRESSIVE;
				GCC_WARN_UNUSED_FUNCTION = YES;
				GCC_WARN_UNUSED_VARIABLE = YES;
				IPHONEOS_DEPLOYMENT_TARGET = 12.1;
				MTL_ENABLE_DEBUG_INFO = NO;
				MTL_FAST_MATH = YES;
				SDKROOT = iphoneos;
				SWIFT_COMPILATION_MODE = wholemodule;
				SWIFT_OPTIMIZATION_LEVEL = "-O";
				VALIDATE_PRODUCT = YES;
			};
			name = Release;
		};
		52AC865B227FC0C400B2F0C3 /* Debug */ = {
			isa = XCBuildConfiguration;
			buildSettings = {
				ASSETCATALOG_COMPILER_APPICON_NAME = AppIcon;
				CODE_SIGN_STYLE = Automatic;
				DEVELOPMENT_TEAM = RWA7463NDR;
				INFOPLIST_FILE = Testability/Info.plist;
				LD_RUNPATH_SEARCH_PATHS = (
					"$(inherited)",
					"@executable_path/Frameworks",
				);
				PRODUCT_BUNDLE_IDENTIFIER = com.iOSDev.Testability;
				PRODUCT_NAME = "$(TARGET_NAME)";
				SWIFT_VERSION = 4.2;
				TARGETED_DEVICE_FAMILY = "1,2";
			};
			name = Debug;
		};
		52AC865C227FC0C400B2F0C3 /* Release */ = {
			isa = XCBuildConfiguration;
			buildSettings = {
				ASSETCATALOG_COMPILER_APPICON_NAME = AppIcon;
				CODE_SIGN_STYLE = Automatic;
				DEVELOPMENT_TEAM = RWA7463NDR;
				INFOPLIST_FILE = Testability/Info.plist;
				LD_RUNPATH_SEARCH_PATHS = (
					"$(inherited)",
					"@executable_path/Frameworks",
				);
				PRODUCT_BUNDLE_IDENTIFIER = com.iOSDev.Testability;
				PRODUCT_NAME = "$(TARGET_NAME)";
				SWIFT_VERSION = 4.2;
				TARGETED_DEVICE_FAMILY = "1,2";
			};
			name = Release;
		};
		52AC865E227FC0C400B2F0C3 /* Debug */ = {
			isa = XCBuildConfiguration;
			buildSettings = {
				ALWAYS_EMBED_SWIFT_STANDARD_LIBRARIES = YES;
				BUNDLE_LOADER = "$(TEST_HOST)";
				CODE_SIGN_STYLE = Automatic;
				DEVELOPMENT_TEAM = RWA7463NDR;
				INFOPLIST_FILE = TestabilityTests/Info.plist;
				LD_RUNPATH_SEARCH_PATHS = (
					"$(inherited)",
					"@executable_path/Frameworks",
					"@loader_path/Frameworks",
				);
				PRODUCT_BUNDLE_IDENTIFIER = com.iOSDev.TestabilityTests;
				PRODUCT_NAME = "$(TARGET_NAME)";
				SWIFT_VERSION = 4.2;
				TARGETED_DEVICE_FAMILY = "1,2";
				TEST_HOST = "$(BUILT_PRODUCTS_DIR)/Testability.app/Testability";
			};
			name = Debug;
		};
		52AC865F227FC0C400B2F0C3 /* Release */ = {
			isa = XCBuildConfiguration;
			buildSettings = {
				ALWAYS_EMBED_SWIFT_STANDARD_LIBRARIES = YES;
				BUNDLE_LOADER = "$(TEST_HOST)";
				CODE_SIGN_STYLE = Automatic;
				DEVELOPMENT_TEAM = RWA7463NDR;
				INFOPLIST_FILE = TestabilityTests/Info.plist;
				LD_RUNPATH_SEARCH_PATHS = (
					"$(inherited)",
					"@executable_path/Frameworks",
					"@loader_path/Frameworks",
				);
				PRODUCT_BUNDLE_IDENTIFIER = com.iOSDev.TestabilityTests;
				PRODUCT_NAME = "$(TARGET_NAME)";
				SWIFT_VERSION = 4.2;
				TARGETED_DEVICE_FAMILY = "1,2";
				TEST_HOST = "$(BUILT_PRODUCTS_DIR)/Testability.app/Testability";
			};
			name = Release;
		};
/* End XCBuildConfiguration section */

/* Begin XCConfigurationList section */
		52AC8638227FC0C000B2F0C3 /* Build configuration list for PBXProject "Testability" */ = {
			isa = XCConfigurationList;
			buildConfigurations = (
				52AC8658227FC0C400B2F0C3 /* Debug */,
				52AC8659227FC0C400B2F0C3 /* Release */,
			);
			defaultConfigurationIsVisible = 0;
			defaultConfigurationName = Release;
		};
		52AC865A227FC0C400B2F0C3 /* Build configuration list for PBXNativeTarget "Testability" */ = {
			isa = XCConfigurationList;
			buildConfigurations = (
				52AC865B227FC0C400B2F0C3 /* Debug */,
				52AC865C227FC0C400B2F0C3 /* Release */,
			);
			defaultConfigurationIsVisible = 0;
			defaultConfigurationName = Release;
		};
		52AC865D227FC0C400B2F0C3 /* Build configuration list for PBXNativeTarget "TestabilityTests" */ = {
			isa = XCConfigurationList;
			buildConfigurations = (
				52AC865E227FC0C400B2F0C3 /* Debug */,
				52AC865F227FC0C400B2F0C3 /* Release */,
			);
			defaultConfigurationIsVisible = 0;
			defaultConfigurationName = Release;
		};
/* End XCConfigurationList section */
	};
	rootObject = 52AC8635227FC0C000B2F0C3 /* Project object */;
}
